
Microsoft Visual Studio Solution File, Format Version 12.00
# Visual Studio Version 17
VisualStudioVersion = 17.9.34701.34
MinimumVisualStudioVersion = 10.0.40219.1
Project("{FAE04EC0-301F-11D3-BF4B-00C04F79EFBC}") = "alert-mns", "alert-mns\alert-mns.csproj", "{01D309D1-200D-430F-89CC-2D88F0EE41F0}"
EndProject
Project("{E53339B2-1760-4266-BCC7-CA923CBCF16C}") = "docker-compose", "docker-compose.dcproj", "{091F8ECA-6CCF-406F-9D1B-43981D719DBB}"
EndProject
Global
	GlobalSection(SolutionConfigurationPlatforms) = preSolution
		Debug|Any CPU = Debug|Any CPU
		Release|Any CPU = Release|Any CPU
	EndGlobalSection
	GlobalSection(ProjectConfigurationPlatforms) = postSolution
		{01D309D1-200D-430F-89CC-2D88F0EE41F0}.Debug|Any CPU.ActiveCfg = Debug|Any CPU
		{01D309D1-200D-430F-89CC-2D88F0EE41F0}.Debug|Any CPU.Build.0 = Debug|Any CPU
		{01D309D1-200D-430F-89CC-2D88F0EE41F0}.Release|Any CPU.ActiveCfg = Release|Any CPU
		{01D309D1-200D-430F-89CC-2D88F0EE41F0}.Release|Any CPU.Build.0 = Release|Any CPU
		{091F8ECA-6CCF-406F-9D1B-43981D719DBB}.Debug|Any CPU.ActiveCfg = Debug|Any CPU
		{091F8ECA-6CCF-406F-9D1B-43981D719DBB}.Debug|Any CPU.Build.0 = Debug|Any CPU
		{091F8ECA-6CCF-406F-9D1B-43981D719DBB}.Release|Any CPU.ActiveCfg = Release|Any CPU
		{091F8ECA-6CCF-406F-9D1B-43981D719DBB}.Release|Any CPU.Build.0 = Release|Any CPU
	EndGlobalSection
	GlobalSection(SolutionProperties) = preSolution
		HideSolutionNode = FALSE
	EndGlobalSection
	GlobalSection(ExtensibilityGlobals) = postSolution
		SolutionGuid = {11B8AF65-5A9B-4719-A83B-5FC14D4455DC}
	EndGlobalSection
EndGlobal
